// !$*UTF8*$!
{
	archiveVersion = 1;
	classes = {
	};
	objectVersion = 56;
	objects = {

/* Begin PBXBuildFile section */
		2471B0B42C3D105B00FD3CBF /* AppDelegate.swift in Sources */ = {isa = PBXBuildFile; fileRef = 2471B0B32C3D105B00FD3CBF /* AppDelegate.swift */; };
		2471B0B62C3D105B00FD3CBF /* SceneDelegate.swift in Sources */ = {isa = PBXBuildFile; fileRef = 2471B0B52C3D105B00FD3CBF /* SceneDelegate.swift */; };
		2471B0B82C3D105B00FD3CBF /* ViewController.swift in Sources */ = {isa = PBXBuildFile; fileRef = 2471B0B72C3D105B00FD3CBF /* ViewController.swift */; };
		2471B0BB2C3D105B00FD3CBF /* Base in Resources */ = {isa = PBXBuildFile; fileRef = 2471B0BA2C3D105B00FD3CBF /* Base */; };
		2471B0BD2C3D105D00FD3CBF /* Assets.xcassets in Resources */ = {isa = PBXBuildFile; fileRef = 2471B0BC2C3D105D00FD3CBF /* Assets.xcassets */; };
		2471B0C02C3D105D00FD3CBF /* Base in Resources */ = {isa = PBXBuildFile; fileRef = 2471B0BF2C3D105D00FD3CBF /* Base */; };
		2471B0CB2C3D105D00FD3CBF /* ExampleTests.swift in Sources */ = {isa = PBXBuildFile; fileRef = 2471B0CA2C3D105D00FD3CBF /* ExampleTests.swift */; };
		2471B0D52C3D105D00FD3CBF /* ExampleUITests.swift in Sources */ = {isa = PBXBuildFile; fileRef = 2471B0D42C3D105D00FD3CBF /* ExampleUITests.swift */; };
		2471B0D72C3D105D00FD3CBF /* ExampleUITestsLaunchTests.swift in Sources */ = {isa = PBXBuildFile; fileRef = 2471B0D62C3D105D00FD3CBF /* ExampleUITestsLaunchTests.swift */; };
/* End PBXBuildFile section */

/* Begin PBXContainerItemProxy section */
		2471B0C72C3D105D00FD3CBF /* PBXContainerItemProxy */ = {
			isa = PBXContainerItemProxy;
			containerPortal = 2471B0A82C3D105B00FD3CBF /* Project object */;
			proxyType = 1;
			remoteGlobalIDString = 2471B0AF2C3D105B00FD3CBF;
			remoteInfo = Example;
		};
		2471B0D12C3D105D00FD3CBF /* PBXContainerItemProxy */ = {
			isa = PBXContainerItemProxy;
			containerPortal = 2471B0A82C3D105B00FD3CBF /* Project object */;
			proxyType = 1;
			remoteGlobalIDString = 2471B0AF2C3D105B00FD3CBF;
			remoteInfo = Example;
		};
/* End PBXContainerItemProxy section */

/* Begin PBXFileReference section */
		2471B0B02C3D105B00FD3CBF /* Example.app */ = {isa = PBXFileReference; explicitFileType = wrapper.application; includeInIndex = 0; path = Example.app; sourceTree = BUILT_PRODUCTS_DIR; };
		2471B0B32C3D105B00FD3CBF /* AppDelegate.swift */ = {isa = PBXFileReference; lastKnownFileType = sourcecode.swift; path = AppDelegate.swift; sourceTree = "<group>"; };
		2471B0B52C3D105B00FD3CBF /* SceneDelegate.swift */ = {isa = PBXFileReference; lastKnownFileType = sourcecode.swift; path = SceneDelegate.swift; sourceTree = "<group>"; };
		2471B0B72C3D105B00FD3CBF /* ViewController.swift */ = {isa = PBXFileReference; lastKnownFileType = sourcecode.swift; path = ViewController.swift; sourceTree = "<group>"; };
		2471B0BA2C3D105B00FD3CBF /* Base */ = {isa = PBXFileReference; lastKnownFileType = file.storyboard; name = Base; path = Base.lproj/Main.storyboard; sourceTree = "<group>"; };
		2471B0BC2C3D105D00FD3CBF /* Assets.xcassets */ = {isa = PBXFileReference; lastKnownFileType = folder.assetcatalog; path = Assets.xcassets; sourceTree = "<group>"; };
		2471B0BF2C3D105D00FD3CBF /* Base */ = {isa = PBXFileReference; lastKnownFileType = file.storyboard; name = Base; path = Base.lproj/LaunchScreen.storyboard; sourceTree = "<group>"; };
		2471B0C12C3D105D00FD3CBF /* Info.plist */ = {isa = PBXFileReference; lastKnownFileType = text.plist.xml; path = Info.plist; sourceTree = "<group>"; };
		2471B0C62C3D105D00FD3CBF /* ExampleTests.xctest */ = {isa = PBXFileReference; explicitFileType = wrapper.cfbundle; includeInIndex = 0; path = ExampleTests.xctest; sourceTree = BUILT_PRODUCTS_DIR; };
		2471B0CA2C3D105D00FD3CBF /* ExampleTests.swift */ = {isa = PBXFileReference; lastKnownFileType = sourcecode.swift; path = ExampleTests.swift; sourceTree = "<group>"; };
		2471B0D02C3D105D00FD3CBF /* ExampleUITests.xctest */ = {isa = PBXFileReference; explicitFileType = wrapper.cfbundle; includeInIndex = 0; path = ExampleUITests.xctest; sourceTree = BUILT_PRODUCTS_DIR; };
		2471B0D42C3D105D00FD3CBF /* ExampleUITests.swift */ = {isa = PBXFileReference; lastKnownFileType = sourcecode.swift; path = ExampleUITests.swift; sourceTree = "<group>"; };
		2471B0D62C3D105D00FD3CBF /* ExampleUITestsLaunchTests.swift */ = {isa = PBXFileReference; lastKnownFileType = sourcecode.swift; path = ExampleUITestsLaunchTests.swift; sourceTree = "<group>"; };
/* End PBXFileReference section */

/* Begin PBXFrameworksBuildPhase section */
		2471B0AD2C3D105B00FD3CBF /* Frameworks */ = {
			isa = PBXFrameworksBuildPhase;
			buildActionMask = 2147483647;
			files = (
			);
			runOnlyForDeploymentPostprocessing = 0;
		};
		2471B0C32C3D105D00FD3CBF /* Frameworks */ = {
			isa = PBXFrameworksBuildPhase;
			buildActionMask = 2147483647;
			files = (
			);
			runOnlyForDeploymentPostprocessing = 0;
		};
		2471B0CD2C3D105D00FD3CBF /* Frameworks */ = {
			isa = PBXFrameworksBuildPhase;
			buildActionMask = 2147483647;
			files = (
			);
			runOnlyForDeploymentPostprocessing = 0;
		};
/* End PBXFrameworksBuildPhase section */

/* Begin PBXGroup section */
		2471B0A72C3D105B00FD3CBF = {
			isa = PBXGroup;
			children = (
				2471B0B22C3D105B00FD3CBF /* Example */,
				2471B0C92C3D105D00FD3CBF /* ExampleTests */,
				2471B0D32C3D105D00FD3CBF /* ExampleUITests */,
				2471B0B12C3D105B00FD3CBF /* Products */,
			);
			sourceTree = "<group>";
		};
		2471B0B12C3D105B00FD3CBF /* Products */ = {
			isa = PBXGroup;
			children = (
				2471B0B02C3D105B00FD3CBF /* Example.app */,
				2471B0C62C3D105D00FD3CBF /* ExampleTests.xctest */,
				2471B0D02C3D105D00FD3CBF /* ExampleUITests.xctest */,
			);
			name = Products;
			sourceTree = "<group>";
		};
		2471B0B22C3D105B00FD3CBF /* Example */ = {
			isa = PBXGroup;
			children = (
				2471B0B32C3D105B00FD3CBF /* AppDelegate.swift */,
				2471B0B52C3D105B00FD3CBF /* SceneDelegate.swift */,
				2471B0B72C3D105B00FD3CBF /* ViewController.swift */,
				2471B0B92C3D105B00FD3CBF /* Main.storyboard */,
				2471B0BC2C3D105D00FD3CBF /* Assets.xcassets */,
				2471B0BE2C3D105D00FD3CBF /* LaunchScreen.storyboard */,
				2471B0C12C3D105D00FD3CBF /* Info.plist */,
			);
			path = Example;
			sourceTree = "<group>";
		};
		2471B0C92C3D105D00FD3CBF /* ExampleTests */ = {
			isa = PBXGroup;
			children = (
				2471B0CA2C3D105D00FD3CBF /* ExampleTests.swift */,
			);
			path = ExampleTests;
			sourceTree = "<group>";
		};
		2471B0D32C3D105D00FD3CBF /* ExampleUITests */ = {
			isa = PBXGroup;
			children = (
				2471B0D42C3D105D00FD3CBF /* ExampleUITests.swift */,
				2471B0D62C3D105D00FD3CBF /* ExampleUITestsLaunchTests.swift */,
			);
			path = ExampleUITests;
			sourceTree = "<group>";
		};
/* End PBXGroup section */

/* Begin PBXNativeTarget section */
		2471B0AF2C3D105B00FD3CBF /* Example */ = {
			isa = PBXNativeTarget;
			buildConfigurationList = 2471B0DA2C3D105D00FD3CBF /* Build configuration list for PBXNativeTarget "Example" */;
			buildPhases = (
				2471B0AC2C3D105B00FD3CBF /* Sources */,
				2471B0AD2C3D105B00FD3CBF /* Frameworks */,
				2471B0AE2C3D105B00FD3CBF /* Resources */,
			);
			buildRules = (
			);
			dependencies = (
			);
			name = Example;
			productName = Example;
			productReference = 2471B0B02C3D105B00FD3CBF /* Example.app */;
			productType = "com.apple.product-type.application";
		};
		2471B0C52C3D105D00FD3CBF /* ExampleTests */ = {
			isa = PBXNativeTarget;
			buildConfigurationList = 2471B0DD2C3D105D00FD3CBF /* Build configuration list for PBXNativeTarget "ExampleTests" */;
			buildPhases = (
				2471B0C22C3D105D00FD3CBF /* Sources */,
				2471B0C32C3D105D00FD3CBF /* Frameworks */,
				2471B0C42C3D105D00FD3CBF /* Resources */,
			);
			buildRules = (
			);
			dependencies = (
				2471B0C82C3D105D00FD3CBF /* PBXTargetDependency */,
			);
			name = ExampleTests;
			productName = ExampleTests;
			productReference = 2471B0C62C3D105D00FD3CBF /* ExampleTests.xctest */;
			productType = "com.apple.product-type.bundle.unit-test";
		};
		2471B0CF2C3D105D00FD3CBF /* ExampleUITests */ = {
			isa = PBXNativeTarget;
			buildConfigurationList = 2471B0E02C3D105D00FD3CBF /* Build configuration list for PBXNativeTarget "ExampleUITests" */;
			buildPhases = (
				2471B0CC2C3D105D00FD3CBF /* Sources */,
				2471B0CD2C3D105D00FD3CBF /* Frameworks */,
				2471B0CE2C3D105D00FD3CBF /* Resources */,
			);
			buildRules = (
			);
			dependencies = (
				2471B0D22C3D105D00FD3CBF /* PBXTargetDependency */,
			);
			name = ExampleUITests;
			productName = ExampleUITests;
			productReference = 2471B0D02C3D105D00FD3CBF /* ExampleUITests.xctest */;
			productType = "com.apple.product-type.bundle.ui-testing";
		};
/* End PBXNativeTarget section */

/* Begin PBXProject section */
		2471B0A82C3D105B00FD3CBF /* Project object */ = {
			isa = PBXProject;
			attributes = {
				BuildIndependentTargetsInParallel = 1;
				LastSwiftUpdateCheck = 1530;
				LastUpgradeCheck = 1530;
				TargetAttributes = {
					2471B0AF2C3D105B00FD3CBF = {
						CreatedOnToolsVersion = 15.3;
					};
					2471B0C52C3D105D00FD3CBF = {
						CreatedOnToolsVersion = 15.3;
						TestTargetID = 2471B0AF2C3D105B00FD3CBF;
					};
					2471B0CF2C3D105D00FD3CBF = {
						CreatedOnToolsVersion = 15.3;
						TestTargetID = 2471B0AF2C3D105B00FD3CBF;
					};
				};
			};
			buildConfigurationList = 2471B0AB2C3D105B00FD3CBF /* Build configuration list for PBXProject "Example" */;
			compatibilityVersion = "Xcode 14.0";
			developmentRegion = en;
			hasScannedForEncodings = 0;
			knownRegions = (
				en,
				Base,
			);
			mainGroup = 2471B0A72C3D105B00FD3CBF;
			productRefGroup = 2471B0B12C3D105B00FD3CBF /* Products */;
			projectDirPath = "";
			projectRoot = "";
			targets = (
				2471B0AF2C3D105B00FD3CBF /* Example */,
				2471B0C52C3D105D00FD3CBF /* ExampleTests */,
				2471B0CF2C3D105D00FD3CBF /* ExampleUITests */,
			);
		};
/* End PBXProject section */

/* Begin PBXResourcesBuildPhase section */
		2471B0AE2C3D105B00FD3CBF /* Resources */ = {
			isa = PBXResourcesBuildPhase;
			buildActionMask = 2147483647;
			files = (
				2471B0BD2C3D105D00FD3CBF /* Assets.xcassets in Resources */,
				2471B0C02C3D105D00FD3CBF /* Base in Resources */,
				2471B0BB2C3D105B00FD3CBF /* Base in Resources */,
			);
			runOnlyForDeploymentPostprocessing = 0;
		};
		2471B0C42C3D105D00FD3CBF /* Resources */ = {
			isa = PBXResourcesBuildPhase;
			buildActionMask = 2147483647;
			files = (
			);
			runOnlyForDeploymentPostprocessing = 0;
		};
		2471B0CE2C3D105D00FD3CBF /* Resources */ = {
			isa = PBXResourcesBuildPhase;
			buildActionMask = 2147483647;
			files = (
			);
			runOnlyForDeploymentPostprocessing = 0;
		};
/* End PBXResourcesBuildPhase section */

/* Begin PBXSourcesBuildPhase section */
		2471B0AC2C3D105B00FD3CBF /* Sources */ = {
			isa = PBXSourcesBuildPhase;
			buildActionMask = 2147483647;
			files = (
				2471B0B82C3D105B00FD3CBF /* ViewController.swift in Sources */,
				2471B0B42C3D105B00FD3CBF /* AppDelegate.swift in Sources */,
				2471B0B62C3D105B00FD3CBF /* SceneDelegate.swift in Sources */,
			);
			runOnlyForDeploymentPostprocessing = 0;
		};
		2471B0C22C3D105D00FD3CBF /* Sources */ = {
			isa = PBXSourcesBuildPhase;
			buildActionMask = 2147483647;
			files = (
				2471B0CB2C3D105D00FD3CBF /* ExampleTests.swift in Sources */,
			);
			runOnlyForDeploymentPostprocessing = 0;
		};
		2471B0CC2C3D105D00FD3CBF /* Sources */ = {
			isa = PBXSourcesBuildPhase;
			buildActionMask = 2147483647;
			files = (
				2471B0D52C3D105D00FD3CBF /* ExampleUITests.swift in Sources */,
				2471B0D72C3D105D00FD3CBF /* ExampleUITestsLaunchTests.swift in Sources */,
			);
			runOnlyForDeploymentPostprocessing = 0;
		};
/* End PBXSourcesBuildPhase section */

/* Begin PBXTargetDependency section */
		2471B0C82C3D105D00FD3CBF /* PBXTargetDependency */ = {
			isa = PBXTargetDependency;
			target = 2471B0AF2C3D105B00FD3CBF /* Example */;
			targetProxy = 2471B0C72C3D105D00FD3CBF /* PBXContainerItemProxy */;
		};
		2471B0D22C3D105D00FD3CBF /* PBXTargetDependency */ = {
			isa = PBXTargetDependency;
			target = 2471B0AF2C3D105B00FD3CBF /* Example */;
			targetProxy = 2471B0D12C3D105D00FD3CBF /* PBXContainerItemProxy */;
		};
/* End PBXTargetDependency section */

/* Begin PBXVariantGroup section */
		2471B0B92C3D105B00FD3CBF /* Main.storyboard */ = {
			isa = PBXVariantGroup;
			children = (
				2471B0BA2C3D105B00FD3CBF /* Base */,
			);
			name = Main.storyboard;
			sourceTree = "<group>";
		};
		2471B0BE2C3D105D00FD3CBF /* LaunchScreen.storyboard */ = {
			isa = PBXVariantGroup;
			children = (
				2471B0BF2C3D105D00FD3CBF /* Base */,
			);
			name = LaunchScreen.storyboard;
			sourceTree = "<group>";
		};
/* End PBXVariantGroup section */

/* Begin XCBuildConfiguration section */
		2471B0D82C3D105D00FD3CBF /* Debug */ = {
			isa = XCBuildConfiguration;
			buildSettings = {
				ALWAYS_SEARCH_USER_PATHS = NO;
				ASSETCATALOG_COMPILER_GENERATE_SWIFT_ASSET_SYMBOL_EXTENSIONS = YES;
				CLANG_ANALYZER_NONNULL = YES;
				CLANG_ANALYZER_NUMBER_OBJECT_CONVERSION = YES_AGGRESSIVE;
				CLANG_CXX_LANGUAGE_STANDARD = "gnu++20";
				CLANG_ENABLE_MODULES = YES;
				CLANG_ENABLE_OBJC_ARC = YES;
				CLANG_ENABLE_OBJC_WEAK = YES;
				CLANG_WARN_BLOCK_CAPTURE_AUTORELEASING = YES;
				CLANG_WARN_BOOL_CONVERSION = YES;
				CLANG_WARN_COMMA = YES;
				CLANG_WARN_CONSTANT_CONVERSION = YES;
				CLANG_WARN_DEPRECATED_OBJC_IMPLEMENTATIONS = YES;
				CLANG_WARN_DIRECT_OBJC_ISA_USAGE = YES_ERROR;
				CLANG_WARN_DOCUMENTATION_COMMENTS = YES;
				CLANG_WARN_EMPTY_BODY = YES;
				CLANG_WARN_ENUM_CONVERSION = YES;
				CLANG_WARN_INFINITE_RECURSION = YES;
				CLANG_WARN_INT_CONVERSION = YES;
				CLANG_WARN_NON_LITERAL_NULL_CONVERSION = YES;
				CLANG_WARN_OBJC_IMPLICIT_RETAIN_SELF = YES;
				CLANG_WARN_OBJC_LITERAL_CONVERSION = YES;
				CLANG_WARN_OBJC_ROOT_CLASS = YES_ERROR;
				CLANG_WARN_QUOTED_INCLUDE_IN_FRAMEWORK_HEADER = YES;
				CLANG_WARN_RANGE_LOOP_ANALYSIS = YES;
				CLANG_WARN_STRICT_PROTOTYPES = YES;
				CLANG_WARN_SUSPICIOUS_MOVE = YES;
				CLANG_WARN_UNGUARDED_AVAILABILITY = YES_AGGRESSIVE;
				CLANG_WARN_UNREACHABLE_CODE = YES;
				CLANG_WARN__DUPLICATE_METHOD_MATCH = YES;
				COPY_PHASE_STRIP = NO;
				DEBUG_INFORMATION_FORMAT = dwarf;
				ENABLE_STRICT_OBJC_MSGSEND = YES;
				ENABLE_TESTABILITY = YES;
				ENABLE_USER_SCRIPT_SANDBOXING = YES;
				GCC_C_LANGUAGE_STANDARD = gnu17;
				GCC_DYNAMIC_NO_PIC = NO;
				GCC_NO_COMMON_BLOCKS = YES;
				GCC_OPTIMIZATION_LEVEL = 0;
				GCC_PREPROCESSOR_DEFINITIONS = (
					"DEBUG=1",
					"$(inherited)",
				);
				GCC_WARN_64_TO_32_BIT_CONVERSION = YES;
				GCC_WARN_ABOUT_RETURN_TYPE = YES_ERROR;
				GCC_WARN_UNDECLARED_SELECTOR = YES;
				GCC_WARN_UNINITIALIZED_AUTOS = YES_AGGRESSIVE;
				GCC_WARN_UNUSED_FUNCTION = YES;
				GCC_WARN_UNUSED_VARIABLE = YES;
				IPHONEOS_DEPLOYMENT_TARGET = 17.4;
				LOCALIZATION_PREFERS_STRING_CATALOGS = YES;
				MTL_ENABLE_DEBUG_INFO = INCLUDE_SOURCE;
				MTL_FAST_MATH = YES;
				ONLY_ACTIVE_ARCH = YES;
				SDKROOT = iphoneos;
				SWIFT_ACTIVE_COMPILATION_CONDITIONS = "DEBUG $(inherited)";
				SWIFT_OPTIMIZATION_LEVEL = "-Onone";
			};
			name = Debug;
		};
		2471B0D92C3D105D00FD3CBF /* Release */ = {
			isa = XCBuildConfiguration;
			buildSettings = {
				ALWAYS_SEARCH_USER_PATHS = NO;
				ASSETCATALOG_COMPILER_GENERATE_SWIFT_ASSET_SYMBOL_EXTENSIONS = YES;
				CLANG_ANALYZER_NONNULL = YES;
				CLANG_ANALYZER_NUMBER_OBJECT_CONVERSION = YES_AGGRESSIVE;
				CLANG_CXX_LANGUAGE_STANDARD = "gnu++20";
				CLANG_ENABLE_MODULES = YES;
				CLANG_ENABLE_OBJC_ARC = YES;
				CLANG_ENABLE_OBJC_WEAK = YES;
				CLANG_WARN_BLOCK_CAPTURE_AUTORELEASING = YES;
				CLANG_WARN_BOOL_CONVERSION = YES;
				CLANG_WARN_COMMA = YES;
				CLANG_WARN_CONSTANT_CONVERSION = YES;
				CLANG_WARN_DEPRECATED_OBJC_IMPLEMENTATIONS = YES;
				CLANG_WARN_DIRECT_OBJC_ISA_USAGE = YES_ERROR;
				CLANG_WARN_DOCUMENTATION_COMMENTS = YES;
				CLANG_WARN_EMPTY_BODY = YES;
				CLANG_WARN_ENUM_CONVERSION = YES;
				CLANG_WARN_INFINITE_RECURSION = YES;
				CLANG_WARN_INT_CONVERSION = YES;
				CLANG_WARN_NON_LITERAL_NULL_CONVERSION = YES;
				CLANG_WARN_OBJC_IMPLICIT_RETAIN_SELF = YES;
				CLANG_WARN_OBJC_LITERAL_CONVERSION = YES;
				CLANG_WARN_OBJC_ROOT_CLASS = YES_ERROR;
				CLANG_WARN_QUOTED_INCLUDE_IN_FRAMEWORK_HEADER = YES;
				CLANG_WARN_RANGE_LOOP_ANALYSIS = YES;
				CLANG_WARN_STRICT_PROTOTYPES = YES;
				CLANG_WARN_SUSPICIOUS_MOVE = YES;
				CLANG_WARN_UNGUARDED_AVAILABILITY = YES_AGGRESSIVE;
				CLANG_WARN_UNREACHABLE_CODE = YES;
				CLANG_WARN__DUPLICATE_METHOD_MATCH = YES;
				COPY_PHASE_STRIP = NO;
				DEBUG_INFORMATION_FORMAT = "dwarf-with-dsym";
				ENABLE_NS_ASSERTIONS = NO;
				ENABLE_STRICT_OBJC_MSGSEND = YES;
				ENABLE_USER_SCRIPT_SANDBOXING = YES;
				GCC_C_LANGUAGE_STANDARD = gnu17;
				GCC_NO_COMMON_BLOCKS = YES;
				GCC_WARN_64_TO_32_BIT_CONVERSION = YES;
				GCC_WARN_ABOUT_RETURN_TYPE = YES_ERROR;
				GCC_WARN_UNDECLARED_SELECTOR = YES;
				GCC_WARN_UNINITIALIZED_AUTOS = YES_AGGRESSIVE;
				GCC_WARN_UNUSED_FUNCTION = YES;
				GCC_WARN_UNUSED_VARIABLE = YES;
				IPHONEOS_DEPLOYMENT_TARGET = 17.4;
				LOCALIZATION_PREFERS_STRING_CATALOGS = YES;
				MTL_ENABLE_DEBUG_INFO = NO;
				MTL_FAST_MATH = YES;
				SDKROOT = iphoneos;
				SWIFT_COMPILATION_MODE = wholemodule;
				VALIDATE_PRODUCT = YES;
			};
			name = Release;
		};
		2471B0DB2C3D105D00FD3CBF /* Debug */ = {
			isa = XCBuildConfiguration;
			buildSettings = {
				ASSETCATALOG_COMPILER_APPICON_NAME = AppIcon;
				ASSETCATALOG_COMPILER_GLOBAL_ACCENT_COLOR_NAME = AccentColor;
				CODE_SIGN_STYLE = Automatic;
				CURRENT_PROJECT_VERSION = 1;
				GENERATE_INFOPLIST_FILE = YES;
				INFOPLIST_FILE = Example/Info.plist;
				INFOPLIST_KEY_UIApplicationSupportsIndirectInputEvents = YES;
				INFOPLIST_KEY_UILaunchStoryboardName = LaunchScreen;
				INFOPLIST_KEY_UIMainStoryboardFile = Main;
				INFOPLIST_KEY_UISupportedInterfaceOrientations_iPad = "UIInterfaceOrientationPortrait UIInterfaceOrientationPortraitUpsideDown UIInterfaceOrientationLandscapeLeft UIInterfaceOrientationLandscapeRight";
				INFOPLIST_KEY_UISupportedInterfaceOrientations_iPhone = "UIInterfaceOrientationPortrait UIInterfaceOrientationLandscapeLeft UIInterfaceOrientationLandscapeRight";
				LD_RUNPATH_SEARCH_PATHS = (
					"$(inherited)",
					"@executable_path/Frameworks",
				);
				MARKETING_VERSION = 1.0;
				PRODUCT_BUNDLE_IDENTIFIER = com.yltang.mlvm.example.Example;
				PRODUCT_NAME = "$(TARGET_NAME)";
				SWIFT_EMIT_LOC_STRINGS = YES;
				SWIFT_VERSION = 5.0;
				TARGETED_DEVICE_FAMILY = "1,2";
			};
			name = Debug;
		};
		2471B0DC2C3D105D00FD3CBF /* Release */ = {
			isa = XCBuildConfiguration;
			buildSettings = {
				ASSETCATALOG_COMPILER_APPICON_NAME = AppIcon;
				ASSETCATALOG_COMPILER_GLOBAL_ACCENT_COLOR_NAME = AccentColor;
				CODE_SIGN_STYLE = Automatic;
				CURRENT_PROJECT_VERSION = 1;
				GENERATE_INFOPLIST_FILE = YES;
				INFOPLIST_FILE = Example/Info.plist;
				INFOPLIST_KEY_UIApplicationSupportsIndirectInputEvents = YES;
				INFOPLIST_KEY_UILaunchStoryboardName = LaunchScreen;
				INFOPLIST_KEY_UIMainStoryboardFile = Main;
				INFOPLIST_KEY_UISupportedInterfaceOrientations_iPad = "UIInterfaceOrientationPortrait UIInterfaceOrientationPortraitUpsideDown UIInterfaceOrientationLandscapeLeft UIInterfaceOrientationLandscapeRight";
				INFOPLIST_KEY_UISupportedInterfaceOrientations_iPhone = "UIInterfaceOrientationPortrait UIInterfaceOrientationLandscapeLeft UIInterfaceOrientationLandscapeRight";
				LD_RUNPATH_SEARCH_PATHS = (
					"$(inherited)",
					"@executable_path/Frameworks",
				);
				MARKETING_VERSION = 1.0;
				PRODUCT_BUNDLE_IDENTIFIER = com.yltang.mlvm.example.Example;
				PRODUCT_NAME = "$(TARGET_NAME)";
				SWIFT_EMIT_LOC_STRINGS = YES;
				SWIFT_VERSION = 5.0;
				TARGETED_DEVICE_FAMILY = "1,2";
			};
			name = Release;
		};
		2471B0DE2C3D105D00FD3CBF /* Debug */ = {
			isa = XCBuildConfiguration;
			buildSettings = {
				ALWAYS_EMBED_SWIFT_STANDARD_LIBRARIES = YES;
				BUNDLE_LOADER = "$(TEST_HOST)";
				CODE_SIGN_STYLE = Automatic;
				CURRENT_PROJECT_VERSION = 1;
				GENERATE_INFOPLIST_FILE = YES;
				IPHONEOS_DEPLOYMENT_TARGET = 17.4;
				MARKETING_VERSION = 1.0;
				PRODUCT_BUNDLE_IDENTIFIER = com.yltang.mlvm.example.ExampleTests;
				PRODUCT_NAME = "$(TARGET_NAME)";
				SWIFT_EMIT_LOC_STRINGS = NO;
				SWIFT_VERSION = 5.0;
				TARGETED_DEVICE_FAMILY = "1,2";
				TEST_HOST = "$(BUILT_PRODUCTS_DIR)/Example.app/$(BUNDLE_EXECUTABLE_FOLDER_PATH)/Example";
			};
			name = Debug;
		};
		2471B0DF2C3D105D00FD3CBF /* Release */ = {
			isa = XCBuildConfiguration;
			buildSettings = {
				ALWAYS_EMBED_SWIFT_STANDARD_LIBRARIES = YES;
				BUNDLE_LOADER = "$(TEST_HOST)";
				CODE_SIGN_STYLE = Automatic;
				CURRENT_PROJECT_VERSION = 1;
				GENERATE_INFOPLIST_FILE = YES;
				IPHONEOS_DEPLOYMENT_TARGET = 17.4;
				MARKETING_VERSION = 1.0;
				PRODUCT_BUNDLE_IDENTIFIER = com.yltang.mlvm.example.ExampleTests;
				PRODUCT_NAME = "$(TARGET_NAME)";
				SWIFT_EMIT_LOC_STRINGS = NO;
				SWIFT_VERSION = 5.0;
				TARGETED_DEVICE_FAMILY = "1,2";
				TEST_HOST = "$(BUILT_PRODUCTS_DIR)/Example.app/$(BUNDLE_EXECUTABLE_FOLDER_PATH)/Example";
			};
			name = Release;
		};
		2471B0E12C3D105D00FD3CBF /* Debug */ = {
			isa = XCBuildConfiguration;
			buildSettings = {
				ALWAYS_EMBED_SWIFT_STANDARD_LIBRARIES = YES;
				CODE_SIGN_STYLE = Automatic;
				CURRENT_PROJECT_VERSION = 1;
				GENERATE_INFOPLIST_FILE = YES;
				MARKETING_VERSION = 1.0;
				PRODUCT_BUNDLE_IDENTIFIER = com.yltang.mlvm.example.ExampleUITests;
				PRODUCT_NAME = "$(TARGET_NAME)";
				SWIFT_EMIT_LOC_STRINGS = NO;
				SWIFT_VERSION = 5.0;
				TARGETED_DEVICE_FAMILY = "1,2";
				TEST_TARGET_NAME = Example;
			};
			name = Debug;
		};
		2471B0E22C3D105D00FD3CBF /* Release */ = {
			isa = XCBuildConfiguration;
			buildSettings = {
				ALWAYS_EMBED_SWIFT_STANDARD_LIBRARIES = YES;
				CODE_SIGN_STYLE = Automatic;
				CURRENT_PROJECT_VERSION = 1;
				GENERATE_INFOPLIST_FILE = YES;
				MARKETING_VERSION = 1.0;
				PRODUCT_BUNDLE_IDENTIFIER = com.yltang.mlvm.example.ExampleUITests;
				PRODUCT_NAME = "$(TARGET_NAME)";
				SWIFT_EMIT_LOC_STRINGS = NO;
				SWIFT_VERSION = 5.0;
				TARGETED_DEVICE_FAMILY = "1,2";
				TEST_TARGET_NAME = Example;
			};
			name = Release;
		};
/* End XCBuildConfiguration section */

/* Begin XCConfigurationList section */
		2471B0AB2C3D105B00FD3CBF /* Build configuration list for PBXProject "Example" */ = {
			isa = XCConfigurationList;
			buildConfigurations = (
				2471B0D82C3D105D00FD3CBF /* Debug */,
				2471B0D92C3D105D00FD3CBF /* Release */,
			);
			defaultConfigurationIsVisible = 0;
			defaultConfigurationName = Release;
		};
		2471B0DA2C3D105D00FD3CBF /* Build configuration list for PBXNativeTarget "Example" */ = {
			isa = XCConfigurationList;
			buildConfigurations = (
				2471B0DB2C3D105D00FD3CBF /* Debug */,
				2471B0DC2C3D105D00FD3CBF /* Release */,
			);
			defaultConfigurationIsVisible = 0;
			defaultConfigurationName = Release;
		};
		2471B0DD2C3D105D00FD3CBF /* Build configuration list for PBXNativeTarget "ExampleTests" */ = {
			isa = XCConfigurationList;
			buildConfigurations = (
				2471B0DE2C3D105D00FD3CBF /* Debug */,
				2471B0DF2C3D105D00FD3CBF /* Release */,
			);
			defaultConfigurationIsVisible = 0;
			defaultConfigurationName = Release;
		};
		2471B0E02C3D105D00FD3CBF /* Build configuration list for PBXNativeTarget "ExampleUITests" */ = {
			isa = XCConfigurationList;
			buildConfigurations = (
				2471B0E12C3D105D00FD3CBF /* Debug */,
				2471B0E22C3D105D00FD3CBF /* Release */,
			);
			defaultConfigurationIsVisible = 0;
			defaultConfigurationName = Release;
		};
/* End XCConfigurationList section */
	};
	rootObject = 2471B0A82C3D105B00FD3CBF /* Project object */;
}
